
Microsoft Visual Studio Solution File, Format Version 12.00
# Visual Studio Version 17
VisualStudioVersion = 17.3.32825.248
MinimumVisualStudioVersion = 10.0.40219.1
Project("{9A19103F-16F7-4668-BE54-9A1E7A4F7556}") = "BookStoreWeb", "BookStoreWeb\BookStoreWeb.csproj", "{135C21BB-2BAA-43CB-9845-B3B85FC0D020}"
EndProject
Project("{FAE04EC0-301F-11D3-BF4B-00C04F79EFBC}") = "BookStore.DataAccess", "BookStore.DataAccess\BookStore.DataAccess.csproj", "{848F2AFA-F7B0-4CEE-B820-278C63E53D06}"
EndProject
Project("{FAE04EC0-301F-11D3-BF4B-00C04F79EFBC}") = "BookStore.Models", "BookStore.Models\BookStore.Models.csproj", "{C4910EBF-188F-4630-96A0-F8DC0B06E90D}"
EndProject
Project("{FAE04EC0-301F-11D3-BF4B-00C04F79EFBC}") = "BookStore.Utility", "BookStore.Utility\BookStore.Utility.csproj", "{AF5080BF-DDA2-40BE-9544-E18795103662}"
EndProject
Global
	GlobalSection(SolutionConfigurationPlatforms) = preSolution
		Debug|Any CPU = Debug|Any CPU
		Release|Any CPU = Release|Any CPU
	EndGlobalSection
	GlobalSection(ProjectConfigurationPlatforms) = postSolution
		{135C21BB-2BAA-43CB-9845-B3B85FC0D020}.Debug|Any CPU.ActiveCfg = Debug|Any CPU
		{135C21BB-2BAA-43CB-9845-B3B85FC0D020}.Debug|Any CPU.Build.0 = Debug|Any CPU
		{135C21BB-2BAA-43CB-9845-B3B85FC0D020}.Release|Any CPU.ActiveCfg = Release|Any CPU
		{135C21BB-2BAA-43CB-9845-B3B85FC0D020}.Release|Any CPU.Build.0 = Release|Any CPU
		{848F2AFA-F7B0-4CEE-B820-278C63E53D06}.Debug|Any CPU.ActiveCfg = Debug|Any CPU
		{848F2AFA-F7B0-4CEE-B820-278C63E53D06}.Debug|Any CPU.Build.0 = Debug|Any CPU
		{848F2AFA-F7B0-4CEE-B820-278C63E53D06}.Release|Any CPU.ActiveCfg = Release|Any CPU
		{848F2AFA-F7B0-4CEE-B820-278C63E53D06}.Release|Any CPU.Build.0 = Release|Any CPU
		{C4910EBF-188F-4630-96A0-F8DC0B06E90D}.Debug|Any CPU.ActiveCfg = Debug|Any CPU
		{C4910EBF-188F-4630-96A0-F8DC0B06E90D}.Debug|Any CPU.Build.0 = Debug|Any CPU
		{C4910EBF-188F-4630-96A0-F8DC0B06E90D}.Release|Any CPU.ActiveCfg = Release|Any CPU
		{C4910EBF-188F-4630-96A0-F8DC0B06E90D}.Release|Any CPU.Build.0 = Release|Any CPU
		{AF5080BF-DDA2-40BE-9544-E18795103662}.Debug|Any CPU.ActiveCfg = Debug|Any CPU
		{AF5080BF-DDA2-40BE-9544-E18795103662}.Debug|Any CPU.Build.0 = Debug|Any CPU
		{AF5080BF-DDA2-40BE-9544-E18795103662}.Release|Any CPU.ActiveCfg = Release|Any CPU
		{AF5080BF-DDA2-40BE-9544-E18795103662}.Release|Any CPU.Build.0 = Release|Any CPU
	EndGlobalSection
	GlobalSection(SolutionProperties) = preSolution
		HideSolutionNode = FALSE
	EndGlobalSection
	GlobalSection(ExtensibilityGlobals) = postSolution
		SolutionGuid = {B2620434-60D5-4146-87FA-B02F878075BF}
	EndGlobalSection
EndGlobal
